
Microsoft Visual Studio Solution File, Format Version 12.00
# Visual Studio Version 16
VisualStudioVersion = 16.0.36324.18
MinimumVisualStudioVersion = 10.0.40219.1
Project("{F184B08F-C81C-45F6-A57F-5ABD9991F28F}") = "dindju notify", "dindju notify\dindju notify.vbproj", "{4FD28ED9-B43F-4080-93A7-BBC21BD81618}"
EndProject
Global
	GlobalSection(SolutionConfigurationPlatforms) = preSolution
		Debug|Any CPU = Debug|Any CPU
		Release|Any CPU = Release|Any CPU
	EndGlobalSection
	GlobalSection(ProjectConfigurationPlatforms) = postSolution
		{4FD28ED9-B43F-4080-93A7-BBC21BD81618}.Debug|Any CPU.ActiveCfg = Debug|Any CPU
		{4FD28ED9-B43F-4080-93A7-BBC21BD81618}.Debug|Any CPU.Build.0 = Debug|Any CPU
		{4FD28ED9-B43F-4080-93A7-BBC21BD81618}.Release|Any CPU.ActiveCfg = Release|Any CPU
		{4FD28ED9-B43F-4080-93A7-BBC21BD81618}.Release|Any CPU.Build.0 = Release|Any CPU
	EndGlobalSection
	GlobalSection(SolutionProperties) = preSolution
		HideSolutionNode = FALSE
	EndGlobalSection
	GlobalSection(ExtensibilityGlobals) = postSolution
		SolutionGuid = {536E79B3-27A3-4E27-92B1-B4198B4E93FC}
	EndGlobalSection
EndGlobal
